
Microsoft Visual Studio Solution File, Format Version 12.00
# Visual Studio Version 17
VisualStudioVersion = 17.6.33815.320
MinimumVisualStudioVersion = 10.0.40219.1
Project("{FAE04EC0-301F-11D3-BF4B-00C04F79EFBC}") = "Lab1_Bai2469", "Lab1_Bai2469\Lab1_Bai2469.csproj", "{72989DD2-0B37-4823-B4DE-0DEDB149450E}"
EndProject
Global
	GlobalSection(SolutionConfigurationPlatforms) = preSolution
		Debug|Any CPU = Debug|Any CPU
		Release|Any CPU = Release|Any CPU
	EndGlobalSection
	GlobalSection(ProjectConfigurationPlatforms) = postSolution
		{72989DD2-0B37-4823-B4DE-0DEDB149450E}.Debug|Any CPU.ActiveCfg = Debug|Any CPU
		{72989DD2-0B37-4823-B4DE-0DEDB149450E}.Debug|Any CPU.Build.0 = Debug|Any CPU
		{72989DD2-0B37-4823-B4DE-0DEDB149450E}.Release|Any CPU.ActiveCfg = Release|Any CPU
		{72989DD2-0B37-4823-B4DE-0DEDB149450E}.Release|Any CPU.Build.0 = Release|Any CPU
	EndGlobalSection
	GlobalSection(SolutionProperties) = preSolution
		HideSolutionNode = FALSE
	EndGlobalSection
	GlobalSection(ExtensibilityGlobals) = postSolution
		SolutionGuid = {86F6CEB7-616B-4DA8-A53F-938C589FA7EA}
	EndGlobalSection
EndGlobal
