
Microsoft Visual Studio Solution File, Format Version 12.00
# Visual Studio Version 17
VisualStudioVersion = 17.6.33815.320
MinimumVisualStudioVersion = 10.0.40219.1
Project("{FAE04EC0-301F-11D3-BF4B-00C04F79EFBC}") = "Lab1_Bai9", "Lab1_Bai9\Lab1_Bai9.csproj", "{8FBCCE74-F96D-43D9-ABE9-E9E9ADFA0680}"
EndProject
Global
	GlobalSection(SolutionConfigurationPlatforms) = preSolution
		Debug|Any CPU = Debug|Any CPU
		Release|Any CPU = Release|Any CPU
	EndGlobalSection
	GlobalSection(ProjectConfigurationPlatforms) = postSolution
		{8FBCCE74-F96D-43D9-ABE9-E9E9ADFA0680}.Debug|Any CPU.ActiveCfg = Debug|Any CPU
		{8FBCCE74-F96D-43D9-ABE9-E9E9ADFA0680}.Debug|Any CPU.Build.0 = Debug|Any CPU
		{8FBCCE74-F96D-43D9-ABE9-E9E9ADFA0680}.Release|Any CPU.ActiveCfg = Release|Any CPU
		{8FBCCE74-F96D-43D9-ABE9-E9E9ADFA0680}.Release|Any CPU.Build.0 = Release|Any CPU
	EndGlobalSection
	GlobalSection(SolutionProperties) = preSolution
		HideSolutionNode = FALSE
	EndGlobalSection
	GlobalSection(ExtensibilityGlobals) = postSolution
		SolutionGuid = {718FE683-23E5-4962-839E-557C62D9934D}
	EndGlobalSection
EndGlobal
