
Microsoft Visual Studio Solution File, Format Version 12.00
# Visual Studio Version 17
VisualStudioVersion = 17.6.33815.320
MinimumVisualStudioVersion = 10.0.40219.1
Project("{FAE04EC0-301F-11D3-BF4B-00C04F79EFBC}") = "Lab1_Bai246", "Lab1_Bai246\Lab1_Bai246.csproj", "{002567EB-0AA8-4616-AD26-E5AACFD258BA}"
EndProject
Global
	GlobalSection(SolutionConfigurationPlatforms) = preSolution
		Debug|Any CPU = Debug|Any CPU
		Release|Any CPU = Release|Any CPU
	EndGlobalSection
	GlobalSection(ProjectConfigurationPlatforms) = postSolution
		{002567EB-0AA8-4616-AD26-E5AACFD258BA}.Debug|Any CPU.ActiveCfg = Debug|Any CPU
		{002567EB-0AA8-4616-AD26-E5AACFD258BA}.Debug|Any CPU.Build.0 = Debug|Any CPU
		{002567EB-0AA8-4616-AD26-E5AACFD258BA}.Release|Any CPU.ActiveCfg = Release|Any CPU
		{002567EB-0AA8-4616-AD26-E5AACFD258BA}.Release|Any CPU.Build.0 = Release|Any CPU
	EndGlobalSection
	GlobalSection(SolutionProperties) = preSolution
		HideSolutionNode = FALSE
	EndGlobalSection
	GlobalSection(ExtensibilityGlobals) = postSolution
		SolutionGuid = {2494686F-62A6-4BCD-84ED-A87D8D0D3854}
	EndGlobalSection
EndGlobal
