
Microsoft Visual Studio Solution File, Format Version 12.00
# Visual Studio Version 17
VisualStudioVersion = 17.6.33815.320
MinimumVisualStudioVersion = 10.0.40219.1
Project("{FAE04EC0-301F-11D3-BF4B-00C04F79EFBC}") = "Lab2_Bai1", "Lab2_Bai1\Lab2_Bai1.csproj", "{C7AD384F-5960-4821-86AF-25C72DE16561}"
EndProject
Global
	GlobalSection(SolutionConfigurationPlatforms) = preSolution
		Debug|Any CPU = Debug|Any CPU
		Release|Any CPU = Release|Any CPU
	EndGlobalSection
	GlobalSection(ProjectConfigurationPlatforms) = postSolution
		{C7AD384F-5960-4821-86AF-25C72DE16561}.Debug|Any CPU.ActiveCfg = Debug|Any CPU
		{C7AD384F-5960-4821-86AF-25C72DE16561}.Debug|Any CPU.Build.0 = Debug|Any CPU
		{C7AD384F-5960-4821-86AF-25C72DE16561}.Release|Any CPU.ActiveCfg = Release|Any CPU
		{C7AD384F-5960-4821-86AF-25C72DE16561}.Release|Any CPU.Build.0 = Release|Any CPU
	EndGlobalSection
	GlobalSection(SolutionProperties) = preSolution
		HideSolutionNode = FALSE
	EndGlobalSection
	GlobalSection(ExtensibilityGlobals) = postSolution
		SolutionGuid = {DD1DC869-1AA9-4E49-94D7-E50FB0D5CA28}
	EndGlobalSection
EndGlobal
